version = 1
revision = 1
requires-python = ">=3.11"

[[package]]
name = "dnspython"
version = "2.7.0"
source = { registry = "https://pypi.org/simple" }
sdist = { url = "https://files.pythonhosted.org/packages/b5/4a/263763cb2ba3816dd94b08ad3a33d5fdae34ecb856678773cc40a3605829/dnspython-2.7.0.tar.gz", hash = "sha256:ce9c432eda0dc91cf618a5cedf1a4e142651196bbcd2c80e89ed5a907e5cfaf1", size = 345197 }
wheels = [
    { url = "https://files.pythonhosted.org/packages/68/1b/e0a87d256e40e8c888847551b20a017a6b98139178505dc7ffb96f04e954/dnspython-2.7.0-py3-none-any.whl", hash = "sha256:b4c34b7d10b51bcc3a5071e7b8dee77939f1e878477eeecc965e9835f63c6c86", size = 313632 },
]

[[package]]
name = "ebpfexecdb"
version = "0.1.0"
source = { virtual = "." }
dependencies = [
    { name = "pymongo" },
]

[package.metadata]
requires-dist = [{ name = "pymongo", specifier = ">=4.11.1" }]

[[package]]
name = "pymongo"
version = "4.11.1"
source = { registry = "https://pypi.org/simple" }
dependencies = [
    { name = "dnspython" },
]
sdist = { url = "https://files.pythonhosted.org/packages/c5/18/63fd06769a2f47842c374fc5d937445fe8dc2f31b3a859c8bf7df73daa14/pymongo-4.11.1.tar.gz", hash = "sha256:3757ce9257c3486eead45680a8895a0ed9ba27efaf1791fc0cf854367c21c638", size = 2054021 }
wheels = [
    { url = "https://files.pythonhosted.org/packages/20/ee/8caede1100c5d59eee723980e39acfad04c5267d45b4f0827cc42f5de994/pymongo-4.11.1-cp311-cp311-macosx_10_9_x86_64.whl", hash = "sha256:8ac125f2782d8fe3f3ff93a396af5482d694093b3be3e06052197096c83acadc", size = 840509 },
    { url = "https://files.pythonhosted.org/packages/33/2f/0df9ff0bb6a7b2812697dd9a3fb728fc0c7b4d035c85acf10eeb0b38579d/pymongo-4.11.1-cp311-cp311-macosx_11_0_arm64.whl", hash = "sha256:681806d3ecaf29b11e16a45c1f4c28f99d9d8283238f7b6ea9eee93b5d7bc6d2", size = 840802 },
    { url = "https://files.pythonhosted.org/packages/58/fb/167e3fef60d2269a1e536cf6edeb871a4b53683f9d03681d2744983e0540/pymongo-4.11.1-cp311-cp311-manylinux_2_17_aarch64.manylinux2014_aarch64.whl", hash = "sha256:50210249a9bf67937e97205a312b96a4b1250b111cbaaff532d7a61bc2b1562d", size = 1409951 },
    { url = "https://files.pythonhosted.org/packages/31/ff/f02900dac6d0374a98319cbbf3d6de3b3cd8cf5d1508d62062efb2084bcc/pymongo-4.11.1-cp311-cp311-manylinux_2_17_ppc64le.manylinux2014_ppc64le.whl", hash = "sha256:cdd0e404d5c3b1203ee61fcfee40a1f062f3780ce272febdc2378797b00401d1", size = 1460907 },
    { url = "https://files.pythonhosted.org/packages/a5/4b/2eed7b9b7f65278123f0e73b39d38df7d99f477cc1eef49b5aa62485b0a1/pymongo-4.11.1-cp311-cp311-manylinux_2_17_s390x.manylinux2014_s390x.whl", hash = "sha256:e6e46bcd3c2f86f442b721551ed5e5812294e4a93fce42517e173bd41d4cd2d8", size = 1435332 },
    { url = "https://files.pythonhosted.org/packages/55/dc/1ddce3af1dd5156f1f1178857f768c8a88a44f8cc791c1490192ce7fd24c/pymongo-4.11.1-cp311-cp311-manylinux_2_17_x86_64.manylinux2014_x86_64.whl", hash = "sha256:f28d179e7d434869e23f4582c941cb400f75e996cfea472693ec756ee213c685", size = 1414459 },
    { url = "https://files.pythonhosted.org/packages/bb/b9/cfb32aea974c7656d81a47c1a52d7c94bf491b057ffb66ecec070c4f207b/pymongo-4.11.1-cp311-cp311-manylinux_2_5_i686.manylinux1_i686.manylinux_2_17_i686.manylinux2014_i686.whl", hash = "sha256:b56dbb6883ce7adad8588464948e0723a3d881e5549f48c4767f1654e8e4cb7d", size = 1383103 },
    { url = "https://files.pythonhosted.org/packages/76/63/3768c99383e24ca16d59d860a1f799eccd02fc55a4e7588a72bf65740fe5/pymongo-4.11.1-cp311-cp311-win32.whl", hash = "sha256:27bc58e0b1bebb17d2426d0cc191c579f2eeaf9692be880f93fe4180cf850ca7", size = 817671 },
    { url = "https://files.pythonhosted.org/packages/1d/2d/044b8511853c8d439817dfee4b1d99060fb76cb08c980877fcb6a6bc1da1/pymongo-4.11.1-cp311-cp311-win_amd64.whl", hash = "sha256:7751e6e99c79057b09441c6ab2a93fae10b4028478aac5b455db8b12f884a3c0", size = 831620 },
    { url = "https://files.pythonhosted.org/packages/cc/8a/81fdd61a0764c0ba1072cd70f67c7f4a83008ceaa61305e20add2ad580c6/pymongo-4.11.1-cp312-cp312-macosx_10_13_x86_64.whl", hash = "sha256:f96683f1dec7d28f12fe43a4d5c0df35d6b80348a9fbf5aac47fa284332a1f92", size = 895365 },
    { url = "https://files.pythonhosted.org/packages/05/60/32910044b2329b7a580a1b4d4f895ecb9616cdffeb57c2d7622214659ac5/pymongo-4.11.1-cp312-cp312-macosx_11_0_arm64.whl", hash = "sha256:157e6a722d051c4bab3e6bc34a1f80fc98101cf2d12139a94e51638d023198c5", size = 895061 },
    { url = "https://files.pythonhosted.org/packages/00/11/30d3351f24cf8e652a0d5fe76e56a50478ea7e81dabcfea7339b1338cccd/pymongo-4.11.1-cp312-cp312-manylinux_2_17_aarch64.manylinux2014_aarch64.whl", hash = "sha256:74503e853758e1eaa1cad2df9c08c8c35a3d26222cf6426d2cde4b2e8593b9b3", size = 1673794 },
    { url = "https://files.pythonhosted.org/packages/a7/90/5ff61e8bad861621361868addeb34c4d2539a4c973a5767d1a266878cb32/pymongo-4.11.1-cp312-cp312-manylinux_2_17_ppc64le.manylinux2014_ppc64le.whl", hash = "sha256:b630596089106c968ddd252bde3fe692c420e24f214dd39ca517d26343d81012", size = 1738027 },
    { url = "https://files.pythonhosted.org/packages/d0/91/1fdf2843a664f01b8ca83d22cd7accb48f3a5371e61813a5451bc33f93c3/pymongo-4.11.1-cp312-cp312-manylinux_2_17_s390x.manylinux2014_s390x.whl", hash = "sha256:7007669eef871079d39a9bbcda0fbcd4252f9b575592804343d0b5c05849d65b", size = 1707052 },
    { url = "https://files.pythonhosted.org/packages/c6/f7/1bd23ea674c957b24256f9ef87875892801cf77b3d2535e59dd78b04db2e/pymongo-4.11.1-cp312-cp312-manylinux_2_17_x86_64.manylinux2014_x86_64.whl", hash = "sha256:488d1da6201e1350cfcd4deab599b32237ac2ac591180d44553a2c8e614f2c0e", size = 1677027 },
    { url = "https://files.pythonhosted.org/packages/62/42/077b138efd223ed3cd03f3b8622d2315096e7cd1d9476cd8f1cf219c420e/pymongo-4.11.1-cp312-cp312-manylinux_2_5_i686.manylinux1_i686.manylinux_2_17_i686.manylinux2014_i686.whl", hash = "sha256:908e65ab42cd4bf1ffeaafe8f11bb86b3f804d54227058794e33fff2963ccc86", size = 1636150 },
    { url = "https://files.pythonhosted.org/packages/c9/a5/f958fcdc944f97d02b6a46c94dbbcdde0d355639c8564974b31b4685e97a/pymongo-4.11.1-cp312-cp312-win32.whl", hash = "sha256:2d1d956c15dd05f1e41c61f0dbcaec59f274db4814cff2c3d9c2508f58004c39", size = 864029 },
    { url = "https://files.pythonhosted.org/packages/d2/e2/b1747eabad8bf172aa66fae50ed7290c4992b8adbeaddbe31944755dbed4/pymongo-4.11.1-cp312-cp312-win_amd64.whl", hash = "sha256:c71655f4188c70032ba56ac7ead688449e4f86a4ccd8e57201ee283f2f591e1d", size = 882299 },
    { url = "https://files.pythonhosted.org/packages/71/b6/dc403a4dda2adaf0f0088d3fcfe6eb17c9e16098eca98f705f2a8e73e693/pymongo-4.11.1-cp313-cp313-macosx_10_13_x86_64.whl", hash = "sha256:f845b46d77a5bcf0c9ee16f11c5bc84c63f4668d9ea4fc54cd923c8d48a1d521", size = 949622 },
    { url = "https://files.pythonhosted.org/packages/52/54/0572ffa3d1c43fec0bdd065c5008b57f7ce4da90e6c6ade0a3c32f34c21e/pymongo-4.11.1-cp313-cp313-macosx_11_0_arm64.whl", hash = "sha256:aadea45e01103f6ee4e80d76d4a27393a4e2bd93472ce4ebb894781f395e1053", size = 949301 },
    { url = "https://files.pythonhosted.org/packages/7f/d6/5bf309a20892f47898e7bc626cb3169a1120b16b2d7b7a60c3fab607907c/pymongo-4.11.1-cp313-cp313-manylinux_2_17_aarch64.manylinux2014_aarch64.whl", hash = "sha256:a63348c850df796199abef7e9afbd86c34449f56731c7ec70b3901df1f5c135b", size = 1937689 },
    { url = "https://files.pythonhosted.org/packages/16/03/1c792ab1e1e5a48fde005bbf739f04846ae48c8c8543a2f1e74ce42d465b/pymongo-4.11.1-cp313-cp313-manylinux_2_17_ppc64le.manylinux2014_ppc64le.whl", hash = "sha256:7dd7656794bfbfbe10723813332ec33eed29bd9bb7fc122c63829fd445eb8425", size = 2015119 },
    { url = "https://files.pythonhosted.org/packages/ad/cc/8765bbec58392929f414b5b26f4c3fe333bfb75ad2f03e92fc48c81bd25f/pymongo-4.11.1-cp313-cp313-manylinux_2_17_s390x.manylinux2014_s390x.whl", hash = "sha256:7146ae04300ce6f83b75c639e97c3d0ce873f30edaac4b719ae173e886b9ff90", size = 1978788 },
    { url = "https://files.pythonhosted.org/packages/77/a6/b700ccb2695f3233a12943e78760f68adc19516cf120949ad7c67fdc81a9/pymongo-4.11.1-cp313-cp313-manylinux_2_17_x86_64.manylinux2014_x86_64.whl", hash = "sha256:698fb3d13126c0719077c98b40378cb9a6f4ab4a72b7691779aa01f1f6c66493", size = 1939607 },
    { url = "https://files.pythonhosted.org/packages/d1/10/c0e4c38c7a6d318a80a4dcd8cfc42bfb8a072145f152089e5bc8d60db902/pymongo-4.11.1-cp313-cp313-manylinux_2_5_i686.manylinux1_i686.manylinux_2_17_i686.manylinux2014_i686.whl", hash = "sha256:f415d9569720f408cc4dcc171f60299d454b0414f120666e6fdd349d414bf010", size = 1889041 },
    { url = "https://files.pythonhosted.org/packages/1d/86/7145841c425e4f6b012116db38e3bf4652dce7b8537961b2391e3c52e051/pymongo-4.11.1-cp313-cp313-win32.whl", hash = "sha256:4aa2c40e391ca29a337bef2b46b495c3f24b5696a87a58f0a0676a8bf131f9f8", size = 910368 },
    { url = "https://files.pythonhosted.org/packages/a0/d4/97632e8f230e95a877220c785a69478cae97610e1ec48b5f9be59a926b29/pymongo-4.11.1-cp313-cp313-win_amd64.whl", hash = "sha256:1f871efa14a1f368559edff39ec03799ca108bfa8e1ba330b7ffc05eb958661f", size = 932942 },
    { url = "https://files.pythonhosted.org/packages/db/61/f719841bc59d3d33c6002950e8b9978705b6f9f1dd5efb66e73fe6919a7d/pymongo-4.11.1-cp313-cp313t-macosx_10_13_x86_64.whl", hash = "sha256:d293cec18624825937bd7f1d8bacf16104c79ced45a8ada93f08ec8a7a2ad17a", size = 1006140 },
    { url = "https://files.pythonhosted.org/packages/cb/05/f43900c675e158cc024bc82a062dfcaaf12d4d7f574947b73f41d843d189/pymongo-4.11.1-cp313-cp313t-macosx_11_0_arm64.whl", hash = "sha256:7b3ea3494f3e166a524529bb05a4fdda97afd77031fed3a63862fd815288c9df", size = 1006124 },
    { url = "https://files.pythonhosted.org/packages/31/2f/7bccadbcf272b5e8c617a6a329b07671ecfd1faea080d9ab311240b93737/pymongo-4.11.1-cp313-cp313t-manylinux_2_17_aarch64.manylinux2014_aarch64.whl", hash = "sha256:d12f4c4579076b7351c63378e22f43d4ce4ed4f2c93208b653c4752f18f47309", size = 2266399 },
    { url = "https://files.pythonhosted.org/packages/78/ac/6bf48a7c99b574c9afcb0f68b7a8b9bf9617a1a54773d0f8b1568f8a079c/pymongo-4.11.1-cp313-cp313t-manylinux_2_17_ppc64le.manylinux2014_ppc64le.whl", hash = "sha256:0a8aba4818350d2a463e084ae2426d395e725525fe86bd0219240b265dc1ca52", size = 2353616 },
    { url = "https://files.pythonhosted.org/packages/3c/f3/c4cd608ddda2dbc7fa668dd8356bb728313b8eec5b118eca3fa937d4fc8c/pymongo-4.11.1-cp313-cp313t-manylinux_2_17_s390x.manylinux2014_s390x.whl", hash = "sha256:f97f62e6edde15d1d3d08abd7e43f1787ee9e672b1bb8e9d9f5fd6ded24f5599", size = 2312480 },
    { url = "https://files.pythonhosted.org/packages/c8/3e/2261ac8e0b6a150d92d35ba2db30b8387c78f9ecba725b0b6a363250f9c6/pymongo-4.11.1-cp313-cp313t-manylinux_2_17_x86_64.manylinux2014_x86_64.whl", hash = "sha256:8a4e82dce301c97bb132dec28a487c1a609dc67948e9db7cbd23485875367204", size = 2263792 },
    { url = "https://files.pythonhosted.org/packages/73/80/41568f1ff09cb73976f7e6f9d11dae63003e4c1156834366ad03f91f27df/pymongo-4.11.1-cp313-cp313t-manylinux_2_5_i686.manylinux1_i686.manylinux_2_17_i686.manylinux2014_i686.whl", hash = "sha256:985a614ec24519f4a3d82aafb766c3f782a452fc46b32112d508a4e19b33fff3", size = 2202805 },
    { url = "https://files.pythonhosted.org/packages/0c/d3/d7ca22d5eb654a451e18f616442b7c6d472ffe76560d6623a2a4ddfd4854/pymongo-4.11.1-cp313-cp313t-win32.whl", hash = "sha256:889d20850d5aaa4f19814462c06488553e70ed4c62195dbaad5d5662884778af", size = 959247 },
    { url = "https://files.pythonhosted.org/packages/95/7b/8d0767251e687966cf19a4ad032d597ab135d26af5ecebbdb8895ea92cf0/pymongo-4.11.1-cp313-cp313t-win_amd64.whl", hash = "sha256:3854db4be39cb9e0c34add1fd7e515deab0b4ee30f3cc3978e057746d119ac12", size = 987871 },
]
